// !$*UTF8*$!
{
	archiveVersion = 1;
	classes = {
	};
	objectVersion = 46;
	objects = {

/* Begin PBXBuildFile section */
		CFF720131B0B096300CDE233 /* main.m in Sources */ = {isa = PBXBuildFile; fileRef = CFF720121B0B096300CDE233 /* main.m */; };
		CFF720161B0B096300CDE233 /* AppDelegate.m in Sources */ = {isa = PBXBuildFile; fileRef = CFF720151B0B096300CDE233 /* AppDelegate.m */; };
		CFF720191B0B096300CDE233 /* ViewController.m in Sources */ = {isa = PBXBuildFile; fileRef = CFF720181B0B096300CDE233 /* ViewController.m */; };
		CFF7201C1B0B096300CDE233 /* Main.storyboard in Resources */ = {isa = PBXBuildFile; fileRef = CFF7201A1B0B096300CDE233 /* Main.storyboard */; };
		CFF7201E1B0B096300CDE233 /* Images.xcassets in Resources */ = {isa = PBXBuildFile; fileRef = CFF7201D1B0B096300CDE233 /* Images.xcassets */; };
		CFF720211B0B096300CDE233 /* LaunchScreen.xib in Resources */ = {isa = PBXBuildFile; fileRef = CFF7201F1B0B096300CDE233 /* LaunchScreen.xib */; };
		CFF7202D1B0B096300CDE233 /* VWWMapLegendViewDemoTests.m in Sources */ = {isa = PBXBuildFile; fileRef = CFF7202C1B0B096300CDE233 /* VWWMapLegendViewDemoTests.m */; };
		CFF720381B0B097E00CDE233 /* VWWMapLegendView.m in Sources */ = {isa = PBXBuildFile; fileRef = CFF720371B0B097E00CDE233 /* VWWMapLegendView.m */; };
		CFF7203B1B0B0ADE00CDE233 /* MapKit.framework in Frameworks */ = {isa = PBXBuildFile; fileRef = CFF7203A1B0B0ADE00CDE233 /* MapKit.framework */; };
/* End PBXBuildFile section */

/* Begin PBXContainerItemProxy section */
		CFF720271B0B096300CDE233 /* PBXContainerItemProxy */ = {
			isa = PBXContainerItemProxy;
			containerPortal = CFF720051B0B096300CDE233 /* Project object */;
			proxyType = 1;
			remoteGlobalIDString = CFF7200C1B0B096300CDE233;
			remoteInfo = VWWMapLegendViewDemo;
		};
/* End PBXContainerItemProxy section */

/* Begin PBXFileReference section */
		CFF7200D1B0B096300CDE233 /* VWWMapLegendViewDemo.app */ = {isa = PBXFileReference; explicitFileType = wrapper.application; includeInIndex = 0; path = VWWMapLegendViewDemo.app; sourceTree = BUILT_PRODUCTS_DIR; };
		CFF720111B0B096300CDE233 /* Info.plist */ = {isa = PBXFileReference; lastKnownFileType = text.plist.xml; path = Info.plist; sourceTree = "<group>"; };
		CFF720121B0B096300CDE233 /* main.m */ = {isa = PBXFileReference; lastKnownFileType = sourcecode.c.objc; path = main.m; sourceTree = "<group>"; };
		CFF720141B0B096300CDE233 /* AppDelegate.h */ = {isa = PBXFileReference; lastKnownFileType = sourcecode.c.h; path = AppDelegate.h; sourceTree = "<group>"; };
		CFF720151B0B096300CDE233 /* AppDelegate.m */ = {isa = PBXFileReference; lastKnownFileType = sourcecode.c.objc; path = AppDelegate.m; sourceTree = "<group>"; };
		CFF720171B0B096300CDE233 /* ViewController.h */ = {isa = PBXFileReference; lastKnownFileType = sourcecode.c.h; path = ViewController.h; sourceTree = "<group>"; };
		CFF720181B0B096300CDE233 /* ViewController.m */ = {isa = PBXFileReference; lastKnownFileType = sourcecode.c.objc; path = ViewController.m; sourceTree = "<group>"; };
		CFF7201B1B0B096300CDE233 /* Base */ = {isa = PBXFileReference; lastKnownFileType = file.storyboard; name = Base; path = Base.lproj/Main.storyboard; sourceTree = "<group>"; };
		CFF7201D1B0B096300CDE233 /* Images.xcassets */ = {isa = PBXFileReference; lastKnownFileType = folder.assetcatalog; path = Images.xcassets; sourceTree = "<group>"; };
		CFF720201B0B096300CDE233 /* Base */ = {isa = PBXFileReference; lastKnownFileType = file.xib; name = Base; path = Base.lproj/LaunchScreen.xib; sourceTree = "<group>"; };
		CFF720261B0B096300CDE233 /* VWWMapLegendViewDemoTests.xctest */ = {isa = PBXFileReference; explicitFileType = wrapper.cfbundle; includeInIndex = 0; path = VWWMapLegendViewDemoTests.xctest; sourceTree = BUILT_PRODUCTS_DIR; };
		CFF7202B1B0B096300CDE233 /* Info.plist */ = {isa = PBXFileReference; lastKnownFileType = text.plist.xml; path = Info.plist; sourceTree = "<group>"; };
		CFF7202C1B0B096300CDE233 /* VWWMapLegendViewDemoTests.m */ = {isa = PBXFileReference; lastKnownFileType = sourcecode.c.objc; path = VWWMapLegendViewDemoTests.m; sourceTree = "<group>"; };
		CFF720361B0B097E00CDE233 /* VWWMapLegendView.h */ = {isa = PBXFileReference; fileEncoding = 4; lastKnownFileType = sourcecode.c.h; path = VWWMapLegendView.h; sourceTree = "<group>"; };
		CFF720371B0B097E00CDE233 /* VWWMapLegendView.m */ = {isa = PBXFileReference; fileEncoding = 4; lastKnownFileType = sourcecode.c.objc; path = VWWMapLegendView.m; sourceTree = "<group>"; };
		CFF7203A1B0B0ADE00CDE233 /* MapKit.framework */ = {isa = PBXFileReference; lastKnownFileType = wrapper.framework; name = MapKit.framework; path = System/Library/Frameworks/MapKit.framework; sourceTree = SDKROOT; };
/* End PBXFileReference section */

/* Begin PBXFrameworksBuildPhase section */
		CFF7200A1B0B096300CDE233 /* Frameworks */ = {
			isa = PBXFrameworksBuildPhase;
			buildActionMask = 2147483647;
			files = (
				CFF7203B1B0B0ADE00CDE233 /* MapKit.framework in Frameworks */,
			);
			runOnlyForDeploymentPostprocessing = 0;
		};
		CFF720231B0B096300CDE233 /* Frameworks */ = {
			isa = PBXFrameworksBuildPhase;
			buildActionMask = 2147483647;
			files = (
			);
			runOnlyForDeploymentPostprocessing = 0;
		};
/* End PBXFrameworksBuildPhase section */

/* Begin PBXGroup section */
		CFF720041B0B096300CDE233 = {
			isa = PBXGroup;
			children = (
				CFF7203A1B0B0ADE00CDE233 /* MapKit.framework */,
				CFF7200F1B0B096300CDE233 /* VWWMapLegendViewDemo */,
				CFF720291B0B096300CDE233 /* VWWMapLegendViewDemoTests */,
				CFF7200E1B0B096300CDE233 /* Products */,
			);
			sourceTree = "<group>";
		};
		CFF7200E1B0B096300CDE233 /* Products */ = {
			isa = PBXGroup;
			children = (
				CFF7200D1B0B096300CDE233 /* VWWMapLegendViewDemo.app */,
				CFF720261B0B096300CDE233 /* VWWMapLegendViewDemoTests.xctest */,
			);
			name = Products;
			sourceTree = "<group>";
		};
		CFF7200F1B0B096300CDE233 /* VWWMapLegendViewDemo */ = {
			isa = PBXGroup;
			children = (
				CFF720141B0B096300CDE233 /* AppDelegate.h */,
				CFF720151B0B096300CDE233 /* AppDelegate.m */,
				CFF720171B0B096300CDE233 /* ViewController.h */,
				CFF720181B0B096300CDE233 /* ViewController.m */,
				CFF7201A1B0B096300CDE233 /* Main.storyboard */,
				CFF7201D1B0B096300CDE233 /* Images.xcassets */,
				CFF7201F1B0B096300CDE233 /* LaunchScreen.xib */,
				CFF720101B0B096300CDE233 /* Supporting Files */,
				CFF720391B0B098200CDE233 /* VWWMapLegendView */,
			);
			path = VWWMapLegendViewDemo;
			sourceTree = "<group>";
		};
		CFF720101B0B096300CDE233 /* Supporting Files */ = {
			isa = PBXGroup;
			children = (
				CFF720111B0B096300CDE233 /* Info.plist */,
				CFF720121B0B096300CDE233 /* main.m */,
			);
			name = "Supporting Files";
			sourceTree = "<group>";
		};
		CFF720291B0B096300CDE233 /* VWWMapLegendViewDemoTests */ = {
			isa = PBXGroup;
			children = (
				CFF7202C1B0B096300CDE233 /* VWWMapLegendViewDemoTests.m */,
				CFF7202A1B0B096300CDE233 /* Supporting Files */,
			);
			path = VWWMapLegendViewDemoTests;
			sourceTree = "<group>";
		};
		CFF7202A1B0B096300CDE233 /* Supporting Files */ = {
			isa = PBXGroup;
			children = (
				CFF7202B1B0B096300CDE233 /* Info.plist */,
			);
			name = "Supporting Files";
			sourceTree = "<group>";
		};
		CFF720391B0B098200CDE233 /* VWWMapLegendView */ = {
			isa = PBXGroup;
			children = (
				CFF720361B0B097E00CDE233 /* VWWMapLegendView.h */,
				CFF720371B0B097E00CDE233 /* VWWMapLegendView.m */,
			);
			name = VWWMapLegendView;
			sourceTree = "<group>";
		};
/* End PBXGroup section */

/* Begin PBXNativeTarget section */
		CFF7200C1B0B096300CDE233 /* VWWMapLegendViewDemo */ = {
			isa = PBXNativeTarget;
			buildConfigurationList = CFF720301B0B096300CDE233 /* Build configuration list for PBXNativeTarget "VWWMapLegendViewDemo" */;
			buildPhases = (
				CFF720091B0B096300CDE233 /* Sources */,
				CFF7200A1B0B096300CDE233 /* Frameworks */,
				CFF7200B1B0B096300CDE233 /* Resources */,
			);
			buildRules = (
			);
			dependencies = (
			);
			name = VWWMapLegendViewDemo;
			productName = VWWMapLegendViewDemo;
			productReference = CFF7200D1B0B096300CDE233 /* VWWMapLegendViewDemo.app */;
			productType = "com.apple.product-type.application";
		};
		CFF720251B0B096300CDE233 /* VWWMapLegendViewDemoTests */ = {
			isa = PBXNativeTarget;
			buildConfigurationList = CFF720331B0B096300CDE233 /* Build configuration list for PBXNativeTarget "VWWMapLegendViewDemoTests" */;
			buildPhases = (
				CFF720221B0B096300CDE233 /* Sources */,
				CFF720231B0B096300CDE233 /* Frameworks */,
				CFF720241B0B096300CDE233 /* Resources */,
			);
			buildRules = (
			);
			dependencies = (
				CFF720281B0B096300CDE233 /* PBXTargetDependency */,
			);
			name = VWWMapLegendViewDemoTests;
			productName = VWWMapLegendViewDemoTests;
			productReference = CFF720261B0B096300CDE233 /* VWWMapLegendViewDemoTests.xctest */;
			productType = "com.apple.product-type.bundle.unit-test";
		};
/* End PBXNativeTarget section */

/* Begin PBXProject section */
		CFF720051B0B096300CDE233 /* Project object */ = {
			isa = PBXProject;
			attributes = {
				LastUpgradeCheck = 0630;
				ORGANIZATIONNAME = "Zakk Hoyt";
				TargetAttributes = {
					CFF7200C1B0B096300CDE233 = {
						CreatedOnToolsVersion = 6.3.1;
					};
					CFF720251B0B096300CDE233 = {
						CreatedOnToolsVersion = 6.3.1;
						TestTargetID = CFF7200C1B0B096300CDE233;
					};
				};
			};
			buildConfigurationList = CFF720081B0B096300CDE233 /* Build configuration list for PBXProject "VWWMapLegendViewDemo" */;
			compatibilityVersion = "Xcode 3.2";
			developmentRegion = English;
			hasScannedForEncodings = 0;
			knownRegions = (
				en,
				Base,
			);
			mainGroup = CFF720041B0B096300CDE233;
			productRefGroup = CFF7200E1B0B096300CDE233 /* Products */;
			projectDirPath = "";
			projectRoot = "";
			targets = (
				CFF7200C1B0B096300CDE233 /* VWWMapLegendViewDemo */,
				CFF720251B0B096300CDE233 /* VWWMapLegendViewDemoTests */,
			);
		};
/* End PBXProject section */

/* Begin PBXResourcesBuildPhase section */
		CFF7200B1B0B096300CDE233 /* Resources */ = {
			isa = PBXResourcesBuildPhase;
			buildActionMask = 2147483647;
			files = (
				CFF7201C1B0B096300CDE233 /* Main.storyboard in Resources */,
				CFF720211B0B096300CDE233 /* LaunchScreen.xib in Resources */,
				CFF7201E1B0B096300CDE233 /* Images.xcassets in Resources */,
			);
			runOnlyForDeploymentPostprocessing = 0;
		};
		CFF720241B0B096300CDE233 /* Resources */ = {
			isa = PBXResourcesBuildPhase;
			buildActionMask = 2147483647;
			files = (
			);
			runOnlyForDeploymentPostprocessing = 0;
		};
/* End PBXResourcesBuildPhase section */

/* Begin PBXSourcesBuildPhase section */
		CFF720091B0B096300CDE233 /* Sources */ = {
			isa = PBXSourcesBuildPhase;
			buildActionMask = 2147483647;
			files = (
				CFF720191B0B096300CDE233 /* ViewController.m in Sources */,
				CFF720381B0B097E00CDE233 /* VWWMapLegendView.m in Sources */,
				CFF720161B0B096300CDE233 /* AppDelegate.m in Sources */,
				CFF720131B0B096300CDE233 /* main.m in Sources */,
			);
			runOnlyForDeploymentPostprocessing = 0;
		};
		CFF720221B0B096300CDE233 /* Sources */ = {
			isa = PBXSourcesBuildPhase;
			buildActionMask = 2147483647;
			files = (
				CFF7202D1B0B096300CDE233 /* VWWMapLegendViewDemoTests.m in Sources */,
			);
			runOnlyForDeploymentPostprocessing = 0;
		};
/* End PBXSourcesBuildPhase section */

/* Begin PBXTargetDependency section */
		CFF720281B0B096300CDE233 /* PBXTargetDependency */ = {
			isa = PBXTargetDependency;
			target = CFF7200C1B0B096300CDE233 /* VWWMapLegendViewDemo */;
			targetProxy = CFF720271B0B096300CDE233 /* PBXContainerItemProxy */;
		};
/* End PBXTargetDependency section */

/* Begin PBXVariantGroup section */
		CFF7201A1B0B096300CDE233 /* Main.storyboard */ = {
			isa = PBXVariantGroup;
			children = (
				CFF7201B1B0B096300CDE233 /* Base */,
			);
			name = Main.storyboard;
			sourceTree = "<group>";
		};
		CFF7201F1B0B096300CDE233 /* LaunchScreen.xib */ = {
			isa = PBXVariantGroup;
			children = (
				CFF720201B0B096300CDE233 /* Base */,
			);
			name = LaunchScreen.xib;
			sourceTree = "<group>";
		};
/* End PBXVariantGroup section */

/* Begin XCBuildConfiguration section */
		CFF7202E1B0B096300CDE233 /* Debug */ = {
			isa = XCBuildConfiguration;
			buildSettings = {
				ALWAYS_SEARCH_USER_PATHS = NO;
				CLANG_CXX_LANGUAGE_STANDARD = "gnu++0x";
				CLANG_CXX_LIBRARY = "libc++";
				CLANG_ENABLE_MODULES = YES;
				CLANG_ENABLE_OBJC_ARC = YES;
				CLANG_WARN_BOOL_CONVERSION = YES;
				CLANG_WARN_CONSTANT_CONVERSION = YES;
				CLANG_WARN_DIRECT_OBJC_ISA_USAGE = YES_ERROR;
				CLANG_WARN_EMPTY_BODY = YES;
				CLANG_WARN_ENUM_CONVERSION = YES;
				CLANG_WARN_INT_CONVERSION = YES;
				CLANG_WARN_OBJC_ROOT_CLASS = YES_ERROR;
				CLANG_WARN_UNREACHABLE_CODE = YES;
				CLANG_WARN__DUPLICATE_METHOD_MATCH = YES;
				"CODE_SIGN_IDENTITY[sdk=iphoneos*]" = "iPhone Developer";
				COPY_PHASE_STRIP = NO;
				DEBUG_INFORMATION_FORMAT = "dwarf-with-dsym";
				ENABLE_STRICT_OBJC_MSGSEND = YES;
				GCC_C_LANGUAGE_STANDARD = gnu99;
				GCC_DYNAMIC_NO_PIC = NO;
				GCC_NO_COMMON_BLOCKS = YES;
				GCC_OPTIMIZATION_LEVEL = 0;
				GCC_PREPROCESSOR_DEFINITIONS = (
					"DEBUG=1",
					"$(inherited)",
				);
				GCC_SYMBOLS_PRIVATE_EXTERN = NO;
				GCC_WARN_64_TO_32_BIT_CONVERSION = YES;
				GCC_WARN_ABOUT_RETURN_TYPE = YES_ERROR;
				GCC_WARN_UNDECLARED_SELECTOR = YES;
				GCC_WARN_UNINITIALIZED_AUTOS = YES_AGGRESSIVE;
				GCC_WARN_UNUSED_FUNCTION = YES;
				GCC_WARN_UNUSED_VARIABLE = YES;
				IPHONEOS_DEPLOYMENT_TARGET = 8.3;
				MTL_ENABLE_DEBUG_INFO = YES;
				ONLY_ACTIVE_ARCH = YES;
				SDKROOT = iphoneos;
				TARGETED_DEVICE_FAMILY = "1,2";
			};
			name = Debug;
		};
		CFF7202F1B0B096300CDE233 /* Release */ = {
			isa = XCBuildConfiguration;
			buildSettings = {
				ALWAYS_SEARCH_USER_PATHS = NO;
				CLANG_CXX_LANGUAGE_STANDARD = "gnu++0x";
				CLANG_CXX_LIBRARY = "libc++";
				CLANG_ENABLE_MODULES = YES;
				CLANG_ENABLE_OBJC_ARC = YES;
				CLANG_WARN_BOOL_CONVERSION = YES;
				CLANG_WARN_CONSTANT_CONVERSION = YES;
				CLANG_WARN_DIRECT_OBJC_ISA_USAGE = YES_ERROR;
				CLANG_WARN_EMPTY_BODY = YES;
				CLANG_WARN_ENUM_CONVERSION = YES;
				CLANG_WARN_INT_CONVERSION = YES;
				CLANG_WARN_OBJC_ROOT_CLASS = YES_ERROR;
				CLANG_WARN_UNREACHABLE_CODE = YES;
				CLANG_WARN__DUPLICATE_METHOD_MATCH = YES;
				"CODE_SIGN_IDENTITY[sdk=iphoneos*]" = "iPhone Developer";
				COPY_PHASE_STRIP = NO;
				DEBUG_INFORMATION_FORMAT = "dwarf-with-dsym";
				ENABLE_NS_ASSERTIONS = NO;
				ENABLE_STRICT_OBJC_MSGSEND = YES;
				GCC_C_LANGUAGE_STANDARD = gnu99;
				GCC_NO_COMMON_BLOCKS = YES;
				GCC_WARN_64_TO_32_BIT_CONVERSION = YES;
				GCC_WARN_ABOUT_RETURN_TYPE = YES_ERROR;
				GCC_WARN_UNDECLARED_SELECTOR = YES;
				GCC_WARN_UNINITIALIZED_AUTOS = YES_AGGRESSIVE;
				GCC_WARN_UNUSED_FUNCTION = YES;
				GCC_WARN_UNUSED_VARIABLE = YES;
				IPHONEOS_DEPLOYMENT_TARGET = 8.3;
				MTL_ENABLE_DEBUG_INFO = NO;
				SDKROOT = iphoneos;
				TARGETED_DEVICE_FAMILY = "1,2";
				VALIDATE_PRODUCT = YES;
			};
			name = Release;
		};
		CFF720311B0B096300CDE233 /* Debug */ = {
			isa = XCBuildConfiguration;
			buildSettings = {
				ASSETCATALOG_COMPILER_APPICON_NAME = AppIcon;
				INFOPLIST_FILE = VWWMapLegendViewDemo/Info.plist;
				LD_RUNPATH_SEARCH_PATHS = "$(inherited) @executable_path/Frameworks";
				PRODUCT_NAME = "$(TARGET_NAME)";
			};
			name = Debug;
		};
		CFF720321B0B096300CDE233 /* Release */ = {
			isa = XCBuildConfiguration;
			buildSettings = {
				ASSETCATALOG_COMPILER_APPICON_NAME = AppIcon;
				INFOPLIST_FILE = VWWMapLegendViewDemo/Info.plist;
				LD_RUNPATH_SEARCH_PATHS = "$(inherited) @executable_path/Frameworks";
				PRODUCT_NAME = "$(TARGET_NAME)";
			};
			name = Release;
		};
		CFF720341B0B096300CDE233 /* Debug */ = {
			isa = XCBuildConfiguration;
			buildSettings = {
				BUNDLE_LOADER = "$(TEST_HOST)";
				FRAMEWORK_SEARCH_PATHS = (
					"$(SDKROOT)/Developer/Library/Frameworks",
					"$(inherited)",
				);
				GCC_PREPROCESSOR_DEFINITIONS = (
					"DEBUG=1",
					"$(inherited)",
				);
				INFOPLIST_FILE = VWWMapLegendViewDemoTests/Info.plist;
				LD_RUNPATH_SEARCH_PATHS = "$(inherited) @executable_path/Frameworks @loader_path/Frameworks";
				PRODUCT_NAME = "$(TARGET_NAME)";
				TEST_HOST = "$(BUILT_PRODUCTS_DIR)/VWWMapLegendViewDemo.app/VWWMapLegendViewDemo";
			};
			name = Debug;
		};
		CFF720351B0B096300CDE233 /* Release */ = {
			isa = XCBuildConfiguration;
			buildSettings = {
				BUNDLE_LOADER = "$(TEST_HOST)";
				FRAMEWORK_SEARCH_PATHS = (
					"$(SDKROOT)/Developer/Library/Frameworks",
					"$(inherited)",
				);
				INFOPLIST_FILE = VWWMapLegendViewDemoTests/Info.plist;
				LD_RUNPATH_SEARCH_PATHS = "$(inherited) @executable_path/Frameworks @loader_path/Frameworks";
				PRODUCT_NAME = "$(TARGET_NAME)";
				TEST_HOST = "$(BUILT_PRODUCTS_DIR)/VWWMapLegendViewDemo.app/VWWMapLegendViewDemo";
			};
			name = Release;
		};
/* End XCBuildConfiguration section */

/* Begin XCConfigurationList section */
		CFF720081B0B096300CDE233 /* Build configuration list for PBXProject "VWWMapLegendViewDemo" */ = {
			isa = XCConfigurationList;
			buildConfigurations = (
				CFF7202E1B0B096300CDE233 /* Debug */,
				CFF7202F1B0B096300CDE233 /* Release */,
			);
			defaultConfigurationIsVisible = 0;
			defaultConfigurationName = Release;
		};
		CFF720301B0B096300CDE233 /* Build configuration list for PBXNativeTarget "VWWMapLegendViewDemo" */ = {
			isa = XCConfigurationList;
			buildConfigurations = (
				CFF720311B0B096300CDE233 /* Debug */,
				CFF720321B0B096300CDE233 /* Release */,
			);
			defaultConfigurationIsVisible = 0;
		};
		CFF720331B0B096300CDE233 /* Build configuration list for PBXNativeTarget "VWWMapLegendViewDemoTests" */ = {
			isa = XCConfigurationList;
			buildConfigurations = (
				CFF720341B0B096300CDE233 /* Debug */,
				CFF720351B0B096300CDE233 /* Release */,
			);
			defaultConfigurationIsVisible = 0;
		};
/* End XCConfigurationList section */
	};
	rootObject = CFF720051B0B096300CDE233 /* Project object */;
}
